
Microsoft Visual Studio Solution File, Format Version 12.00
# Visual Studio Version 17
VisualStudioVersion = 17.7.34024.191
MinimumVisualStudioVersion = 10.0.40219.1
Project("{8BC9CEB8-8B4A-11D0-8D11-00A0C91BC942}") = "desktop-client", "desktop-client.vcxproj", "{0CED9653-1E1F-4A34-92A1-273D1FF8B773}"
EndProject
Global
	GlobalSection(SolutionConfigurationPlatforms) = preSolution
		Debug|x64 = Debug|x64
		Debug|x86 = Debug|x86
		Release|x64 = Release|x64
		Release|x86 = Release|x86
	EndGlobalSection
	GlobalSection(ProjectConfigurationPlatforms) = postSolution
		{0CED9653-1E1F-4A34-92A1-273D1FF8B773}.Debug|x64.ActiveCfg = Debug|x64
		{0CED9653-1E1F-4A34-92A1-273D1FF8B773}.Debug|x64.Build.0 = Debug|x64
		{0CED9653-1E1F-4A34-92A1-273D1FF8B773}.Debug|x86.ActiveCfg = Debug|Win32
		{0CED9653-1E1F-4A34-92A1-273D1FF8B773}.Debug|x86.Build.0 = Debug|Win32
		{0CED9653-1E1F-4A34-92A1-273D1FF8B773}.Release|x64.ActiveCfg = Release|x64
		{0CED9653-1E1F-4A34-92A1-273D1FF8B773}.Release|x64.Build.0 = Release|x64
		{0CED9653-1E1F-4A34-92A1-273D1FF8B773}.Release|x86.ActiveCfg = Release|Win32
		{0CED9653-1E1F-4A34-92A1-273D1FF8B773}.Release|x86.Build.0 = Release|Win32
	EndGlobalSection
	GlobalSection(SolutionProperties) = preSolution
		HideSolutionNode = FALSE
	EndGlobalSection
	GlobalSection(ExtensibilityGlobals) = postSolution
		SolutionGuid = {8F37D4DE-6489-4CF5-A054-1DD7FBDDBCB9}
	EndGlobalSection
EndGlobal
